
Microsoft Visual Studio Solution File, Format Version 12.00
# Visual Studio Version 16
VisualStudioVersion = 16.0.30011.22
MinimumVisualStudioVersion = 10.0.40219.1
Project("{9A19103F-16F7-4668-BE54-9A1E7A4F7556}") = "EmployeeVacationCalendar", "EmployeeVacationCalendar\EmployeeVacationCalendar.csproj", "{FCE7D1D4-D570-40CE-89BD-9A87D420F99B}"
EndProject
Project("{FAE04EC0-301F-11D3-BF4B-00C04F79EFBC}") = "EmployeeVacationCalendar.Data", "EmployeeVacationCalendar.Data\EmployeeVacationCalendar.Data.csproj", "{3C3469E0-36FB-4223-9DA4-8AD0CFA7A02F}"
EndProject
Global
	GlobalSection(SolutionConfigurationPlatforms) = preSolution
		Debug|Any CPU = Debug|Any CPU
		Release|Any CPU = Release|Any CPU
	EndGlobalSection
	GlobalSection(ProjectConfigurationPlatforms) = postSolution
		{FCE7D1D4-D570-40CE-89BD-9A87D420F99B}.Debug|Any CPU.ActiveCfg = Debug|Any CPU
		{FCE7D1D4-D570-40CE-89BD-9A87D420F99B}.Debug|Any CPU.Build.0 = Debug|Any CPU
		{FCE7D1D4-D570-40CE-89BD-9A87D420F99B}.Release|Any CPU.ActiveCfg = Release|Any CPU
		{FCE7D1D4-D570-40CE-89BD-9A87D420F99B}.Release|Any CPU.Build.0 = Release|Any CPU
		{3C3469E0-36FB-4223-9DA4-8AD0CFA7A02F}.Debug|Any CPU.ActiveCfg = Debug|Any CPU
		{3C3469E0-36FB-4223-9DA4-8AD0CFA7A02F}.Debug|Any CPU.Build.0 = Debug|Any CPU
		{3C3469E0-36FB-4223-9DA4-8AD0CFA7A02F}.Release|Any CPU.ActiveCfg = Release|Any CPU
		{3C3469E0-36FB-4223-9DA4-8AD0CFA7A02F}.Release|Any CPU.Build.0 = Release|Any CPU
	EndGlobalSection
	GlobalSection(SolutionProperties) = preSolution
		HideSolutionNode = FALSE
	EndGlobalSection
	GlobalSection(ExtensibilityGlobals) = postSolution
		SolutionGuid = {45E7D056-B943-4BB8-8753-5EC2CFB55599}
	EndGlobalSection
EndGlobal
